
Microsoft Visual Studio Solution File, Format Version 12.00
# Visual Studio 15
VisualStudioVersion = 15.0.28307.329
MinimumVisualStudioVersion = 10.0.40219.1
Project("{F2A71F9B-5D33-465A-A702-920D77279786}") = "LearningFSharp", "LearningFSharp\LearningFSharp.fsproj", "{79B3B536-5D09-4B7D-83A4-FE6EC6BAF4E7}"
EndProject
Global
	GlobalSection(SolutionConfigurationPlatforms) = preSolution
		Debug|Any CPU = Debug|Any CPU
		Release|Any CPU = Release|Any CPU
	EndGlobalSection
	GlobalSection(ProjectConfigurationPlatforms) = postSolution
		{79B3B536-5D09-4B7D-83A4-FE6EC6BAF4E7}.Debug|Any CPU.ActiveCfg = Debug|Any CPU
		{79B3B536-5D09-4B7D-83A4-FE6EC6BAF4E7}.Debug|Any CPU.Build.0 = Debug|Any CPU
		{79B3B536-5D09-4B7D-83A4-FE6EC6BAF4E7}.Release|Any CPU.ActiveCfg = Release|Any CPU
		{79B3B536-5D09-4B7D-83A4-FE6EC6BAF4E7}.Release|Any CPU.Build.0 = Release|Any CPU
	EndGlobalSection
	GlobalSection(SolutionProperties) = preSolution
		HideSolutionNode = FALSE
	EndGlobalSection
	GlobalSection(ExtensibilityGlobals) = postSolution
		SolutionGuid = {B12029A6-0982-4D19-B7C7-F9E9A0E7E392}
	EndGlobalSection
EndGlobal
